// !$*UTF8*$!
{
	archiveVersion = 1;
	classes = {
	};
	objectVersion = 50;
	objects = {

/* Begin PBXBuildFile section */
		2D66480F21501FE5003D2D0B /* AppDelegate.swift in Sources */ = {isa = PBXBuildFile; fileRef = 2D66480E21501FE5003D2D0B /* AppDelegate.swift */; };
		2D66481421501FE5003D2D0B /* Main.storyboard in Resources */ = {isa = PBXBuildFile; fileRef = 2D66481221501FE5003D2D0B /* Main.storyboard */; };
		2D66481621501FE6003D2D0B /* Assets.xcassets in Resources */ = {isa = PBXBuildFile; fileRef = 2D66481521501FE6003D2D0B /* Assets.xcassets */; };
		2D66481921501FE6003D2D0B /* LaunchScreen.storyboard in Resources */ = {isa = PBXBuildFile; fileRef = 2D66481721501FE6003D2D0B /* LaunchScreen.storyboard */; };
		2D66482921502491003D2D0B /* Task.swift in Sources */ = {isa = PBXBuildFile; fileRef = 2D66482821502491003D2D0B /* Task.swift */; };
		2D66482B215024A1003D2D0B /* User.swift in Sources */ = {isa = PBXBuildFile; fileRef = 2D66482A215024A1003D2D0B /* User.swift */; };
		2D66482D215024D2003D2D0B /* Login.swift in Sources */ = {isa = PBXBuildFile; fileRef = 2D66482C215024D2003D2D0B /* Login.swift */; };
		2D66482F215024E6003D2D0B /* Tasks.swift in Sources */ = {isa = PBXBuildFile; fileRef = 2D66482E215024E6003D2D0B /* Tasks.swift */; };
		2D66483121502573003D2D0B /* MainVC.swift in Sources */ = {isa = PBXBuildFile; fileRef = 2D66483021502573003D2D0B /* MainVC.swift */; };
		2D664833215025CD003D2D0B /* SideMenuVC.swift in Sources */ = {isa = PBXBuildFile; fileRef = 2D664832215025CD003D2D0B /* SideMenuVC.swift */; };
		2D664835215025EA003D2D0B /* ContainerVC.swift in Sources */ = {isa = PBXBuildFile; fileRef = 2D664834215025EA003D2D0B /* ContainerVC.swift */; };
		2D66483721502605003D2D0B /* AddTask.swift in Sources */ = {isa = PBXBuildFile; fileRef = 2D66483621502605003D2D0B /* AddTask.swift */; };
		2D6648392150265C003D2D0B /* UserManager.swift in Sources */ = {isa = PBXBuildFile; fileRef = 2D6648382150265C003D2D0B /* UserManager.swift */; };
		2D66483B21502672003D2D0B /* TaskManager.swift in Sources */ = {isa = PBXBuildFile; fileRef = 2D66483A21502672003D2D0B /* TaskManager.swift */; };
		2D66483D215026B3003D2D0B /* TaskViewCell.swift in Sources */ = {isa = PBXBuildFile; fileRef = 2D66483C215026B3003D2D0B /* TaskViewCell.swift */; };
		2DD2546A2151504F00678508 /* NewUser.swift in Sources */ = {isa = PBXBuildFile; fileRef = 2DD254692151504F00678508 /* NewUser.swift */; };
		5C1D842BD88EE4F8059F57CC /* Pods_TaskManager.framework in Frameworks */ = {isa = PBXBuildFile; fileRef = D1D32C35DF6B3AAFADCBD69A /* Pods_TaskManager.framework */; };
/* End PBXBuildFile section */

/* Begin PBXFileReference section */
		05D8F0892370500242DD3429 /* Pods-TaskManager.release.xcconfig */ = {isa = PBXFileReference; includeInIndex = 1; lastKnownFileType = text.xcconfig; name = "Pods-TaskManager.release.xcconfig"; path = "Pods/Target Support Files/Pods-TaskManager/Pods-TaskManager.release.xcconfig"; sourceTree = "<group>"; };
		0A4B09B1E2DC2BCCEFC7FB9E /* Pods-TaskManager.debug.xcconfig */ = {isa = PBXFileReference; includeInIndex = 1; lastKnownFileType = text.xcconfig; name = "Pods-TaskManager.debug.xcconfig"; path = "Pods/Target Support Files/Pods-TaskManager/Pods-TaskManager.debug.xcconfig"; sourceTree = "<group>"; };
		2D66480B21501FE5003D2D0B /* TaskManager.app */ = {isa = PBXFileReference; explicitFileType = wrapper.application; includeInIndex = 0; path = TaskManager.app; sourceTree = BUILT_PRODUCTS_DIR; };
		2D66480E21501FE5003D2D0B /* AppDelegate.swift */ = {isa = PBXFileReference; lastKnownFileType = sourcecode.swift; path = AppDelegate.swift; sourceTree = "<group>"; };
		2D66481321501FE5003D2D0B /* Base */ = {isa = PBXFileReference; lastKnownFileType = file.storyboard; name = Base; path = Base.lproj/Main.storyboard; sourceTree = "<group>"; };
		2D66481521501FE6003D2D0B /* Assets.xcassets */ = {isa = PBXFileReference; lastKnownFileType = folder.assetcatalog; path = Assets.xcassets; sourceTree = "<group>"; };
		2D66481821501FE6003D2D0B /* Base */ = {isa = PBXFileReference; lastKnownFileType = file.storyboard; name = Base; path = Base.lproj/LaunchScreen.storyboard; sourceTree = "<group>"; };
		2D66481A21501FE6003D2D0B /* Info.plist */ = {isa = PBXFileReference; lastKnownFileType = text.plist.xml; path = Info.plist; sourceTree = "<group>"; };
		2D66482821502491003D2D0B /* Task.swift */ = {isa = PBXFileReference; lastKnownFileType = sourcecode.swift; path = Task.swift; sourceTree = "<group>"; };
		2D66482A215024A1003D2D0B /* User.swift */ = {isa = PBXFileReference; lastKnownFileType = sourcecode.swift; path = User.swift; sourceTree = "<group>"; };
		2D66482C215024D2003D2D0B /* Login.swift */ = {isa = PBXFileReference; lastKnownFileType = sourcecode.swift; path = Login.swift; sourceTree = "<group>"; };
		2D66482E215024E6003D2D0B /* Tasks.swift */ = {isa = PBXFileReference; lastKnownFileType = sourcecode.swift; path = Tasks.swift; sourceTree = "<group>"; };
		2D66483021502573003D2D0B /* MainVC.swift */ = {isa = PBXFileReference; lastKnownFileType = sourcecode.swift; path = MainVC.swift; sourceTree = "<group>"; };
		2D664832215025CD003D2D0B /* SideMenuVC.swift */ = {isa = PBXFileReference; lastKnownFileType = sourcecode.swift; path = SideMenuVC.swift; sourceTree = "<group>"; };
		2D664834215025EA003D2D0B /* ContainerVC.swift */ = {isa = PBXFileReference; lastKnownFileType = sourcecode.swift; path = ContainerVC.swift; sourceTree = "<group>"; };
		2D66483621502605003D2D0B /* AddTask.swift */ = {isa = PBXFileReference; lastKnownFileType = sourcecode.swift; path = AddTask.swift; sourceTree = "<group>"; };
		2D6648382150265C003D2D0B /* UserManager.swift */ = {isa = PBXFileReference; lastKnownFileType = sourcecode.swift; path = UserManager.swift; sourceTree = "<group>"; };
		2D66483A21502672003D2D0B /* TaskManager.swift */ = {isa = PBXFileReference; lastKnownFileType = sourcecode.swift; path = TaskManager.swift; sourceTree = "<group>"; };
		2D66483C215026B3003D2D0B /* TaskViewCell.swift */ = {isa = PBXFileReference; lastKnownFileType = sourcecode.swift; path = TaskViewCell.swift; sourceTree = "<group>"; };
		2DD254692151504F00678508 /* NewUser.swift */ = {isa = PBXFileReference; lastKnownFileType = sourcecode.swift; name = NewUser.swift; path = /Users/dakotabrown/Desktop/Interapt/WeekSix/TaskManager/TaskManager/ViewControllers/NewUser.swift; sourceTree = "<absolute>"; };
		D1D32C35DF6B3AAFADCBD69A /* Pods_TaskManager.framework */ = {isa = PBXFileReference; explicitFileType = wrapper.framework; includeInIndex = 0; path = Pods_TaskManager.framework; sourceTree = BUILT_PRODUCTS_DIR; };
/* End PBXFileReference section */

/* Begin PBXFrameworksBuildPhase section */
		2D66480821501FE5003D2D0B /* Frameworks */ = {
			isa = PBXFrameworksBuildPhase;
			buildActionMask = 2147483647;
			files = (
				5C1D842BD88EE4F8059F57CC /* Pods_TaskManager.framework in Frameworks */,
			);
			runOnlyForDeploymentPostprocessing = 0;
		};
/* End PBXFrameworksBuildPhase section */

/* Begin PBXGroup section */
		2D66480221501FE5003D2D0B = {
			isa = PBXGroup;
			children = (
				2D66480D21501FE5003D2D0B /* TaskManager */,
				2D66480C21501FE5003D2D0B /* Products */,
				95BF6289DECA658FC0102CB9 /* Pods */,
				EF8490FB163758194EF8CD85 /* Frameworks */,
			);
			sourceTree = "<group>";
		};
		2D66480C21501FE5003D2D0B /* Products */ = {
			isa = PBXGroup;
			children = (
				2D66480B21501FE5003D2D0B /* TaskManager.app */,
			);
			name = Products;
			sourceTree = "<group>";
		};
		2D66480D21501FE5003D2D0B /* TaskManager */ = {
			isa = PBXGroup;
			children = (
				2D66482621502456003D2D0B /* Utilities */,
				2D6648252150243C003D2D0B /* UI Components */,
				2D6648222150207C003D2D0B /* Storyboards */,
				2D6648212150205C003D2D0B /* ViewControllers */,
				2D6648202150202C003D2D0B /* ClassTemplates */,
				2D66480E21501FE5003D2D0B /* AppDelegate.swift */,
				2D66481521501FE6003D2D0B /* Assets.xcassets */,
				2D66481A21501FE6003D2D0B /* Info.plist */,
			);
			path = TaskManager;
			sourceTree = "<group>";
		};
		2D6648202150202C003D2D0B /* ClassTemplates */ = {
			isa = PBXGroup;
			children = (
				2D66482821502491003D2D0B /* Task.swift */,
				2D66482A215024A1003D2D0B /* User.swift */,
			);
			path = ClassTemplates;
			sourceTree = "<group>";
		};
		2D6648212150205C003D2D0B /* ViewControllers */ = {
			isa = PBXGroup;
			children = (
				2D66482C215024D2003D2D0B /* Login.swift */,
				2DD254692151504F00678508 /* NewUser.swift */,
				2D66482E215024E6003D2D0B /* Tasks.swift */,
				2D66483621502605003D2D0B /* AddTask.swift */,
				2D66483021502573003D2D0B /* MainVC.swift */,
				2D664832215025CD003D2D0B /* SideMenuVC.swift */,
				2D664834215025EA003D2D0B /* ContainerVC.swift */,
			);
			path = ViewControllers;
			sourceTree = "<group>";
		};
		2D6648222150207C003D2D0B /* Storyboards */ = {
			isa = PBXGroup;
			children = (
				2D66481221501FE5003D2D0B /* Main.storyboard */,
				2D66481721501FE6003D2D0B /* LaunchScreen.storyboard */,
			);
			path = Storyboards;
			sourceTree = "<group>";
		};
		2D6648252150243C003D2D0B /* UI Components */ = {
			isa = PBXGroup;
			children = (
				2D66483C215026B3003D2D0B /* TaskViewCell.swift */,
			);
			path = "UI Components";
			sourceTree = "<group>";
		};
		2D66482621502456003D2D0B /* Utilities */ = {
			isa = PBXGroup;
			children = (
				2D66482721502463003D2D0B /* Realm Managers */,
			);
			path = Utilities;
			sourceTree = "<group>";
		};
		2D66482721502463003D2D0B /* Realm Managers */ = {
			isa = PBXGroup;
			children = (
				2D6648382150265C003D2D0B /* UserManager.swift */,
				2D66483A21502672003D2D0B /* TaskManager.swift */,
			);
			path = "Realm Managers";
			sourceTree = "<group>";
		};
		95BF6289DECA658FC0102CB9 /* Pods */ = {
			isa = PBXGroup;
			children = (
				0A4B09B1E2DC2BCCEFC7FB9E /* Pods-TaskManager.debug.xcconfig */,
				05D8F0892370500242DD3429 /* Pods-TaskManager.release.xcconfig */,
			);
			name = Pods;
			sourceTree = "<group>";
		};
		EF8490FB163758194EF8CD85 /* Frameworks */ = {
			isa = PBXGroup;
			children = (
				D1D32C35DF6B3AAFADCBD69A /* Pods_TaskManager.framework */,
			);
			name = Frameworks;
			sourceTree = "<group>";
		};
/* End PBXGroup section */

/* Begin PBXNativeTarget section */
		2D66480A21501FE5003D2D0B /* TaskManager */ = {
			isa = PBXNativeTarget;
			buildConfigurationList = 2D66481D21501FE6003D2D0B /* Build configuration list for PBXNativeTarget "TaskManager" */;
			buildPhases = (
				52D12D9A78F01BBBAF1BAA20 /* [CP] Check Pods Manifest.lock */,
				2D66480721501FE5003D2D0B /* Sources */,
				2D66480821501FE5003D2D0B /* Frameworks */,
				2D66480921501FE5003D2D0B /* Resources */,
				E06B756886101E8661617A71 /* [CP] Embed Pods Frameworks */,
			);
			buildRules = (
			);
			dependencies = (
			);
			name = TaskManager;
			productName = TaskManager;
			productReference = 2D66480B21501FE5003D2D0B /* TaskManager.app */;
			productType = "com.apple.product-type.application";
		};
/* End PBXNativeTarget section */

/* Begin PBXProject section */
		2D66480321501FE5003D2D0B /* Project object */ = {
			isa = PBXProject;
			attributes = {
				LastSwiftUpdateCheck = 0940;
				LastUpgradeCheck = 0940;
				ORGANIZATIONNAME = "Dakota Brown";
				TargetAttributes = {
					2D66480A21501FE5003D2D0B = {
						CreatedOnToolsVersion = 9.4.1;
						LastSwiftMigration = 1000;
					};
				};
			};
			buildConfigurationList = 2D66480621501FE5003D2D0B /* Build configuration list for PBXProject "TaskManager" */;
			compatibilityVersion = "Xcode 9.3";
			developmentRegion = en;
			hasScannedForEncodings = 0;
			knownRegions = (
				en,
				Base,
			);
			mainGroup = 2D66480221501FE5003D2D0B;
			productRefGroup = 2D66480C21501FE5003D2D0B /* Products */;
			projectDirPath = "";
			projectRoot = "";
			targets = (
				2D66480A21501FE5003D2D0B /* TaskManager */,
			);
		};
/* End PBXProject section */

/* Begin PBXResourcesBuildPhase section */
		2D66480921501FE5003D2D0B /* Resources */ = {
			isa = PBXResourcesBuildPhase;
			buildActionMask = 2147483647;
			files = (
				2D66481921501FE6003D2D0B /* LaunchScreen.storyboard in Resources */,
				2D66481621501FE6003D2D0B /* Assets.xcassets in Resources */,
				2D66481421501FE5003D2D0B /* Main.storyboard in Resources */,
			);
			runOnlyForDeploymentPostprocessing = 0;
		};
/* End PBXResourcesBuildPhase section */

/* Begin PBXShellScriptBuildPhase section */
		52D12D9A78F01BBBAF1BAA20 /* [CP] Check Pods Manifest.lock */ = {
			isa = PBXShellScriptBuildPhase;
			buildActionMask = 2147483647;
			files = (
			);
			inputPaths = (
				"${PODS_PODFILE_DIR_PATH}/Podfile.lock",
				"${PODS_ROOT}/Manifest.lock",
			);
			name = "[CP] Check Pods Manifest.lock";
			outputPaths = (
				"$(DERIVED_FILE_DIR)/Pods-TaskManager-checkManifestLockResult.txt",
			);
			runOnlyForDeploymentPostprocessing = 0;
			shellPath = /bin/sh;
			shellScript = "diff \"${PODS_PODFILE_DIR_PATH}/Podfile.lock\" \"${PODS_ROOT}/Manifest.lock\" > /dev/null\nif [ $? != 0 ] ; then\n    # print error to STDERR\n    echo \"error: The sandbox is not in sync with the Podfile.lock. Run 'pod install' or update your CocoaPods installation.\" >&2\n    exit 1\nfi\n# This output is used by Xcode 'outputs' to avoid re-running this script phase.\necho \"SUCCESS\" > \"${SCRIPT_OUTPUT_FILE_0}\"\n";
			showEnvVarsInLog = 0;
		};
		E06B756886101E8661617A71 /* [CP] Embed Pods Frameworks */ = {
			isa = PBXShellScriptBuildPhase;
			buildActionMask = 2147483647;
			files = (
			);
			inputPaths = (
				"${SRCROOT}/Pods/Target Support Files/Pods-TaskManager/Pods-TaskManager-frameworks.sh",
				"${BUILT_PRODUCTS_DIR}/Realm/Realm.framework",
				"${BUILT_PRODUCTS_DIR}/RealmSwift/RealmSwift.framework",
			);
			name = "[CP] Embed Pods Frameworks";
			outputPaths = (
				"${TARGET_BUILD_DIR}/${FRAMEWORKS_FOLDER_PATH}/Realm.framework",
				"${TARGET_BUILD_DIR}/${FRAMEWORKS_FOLDER_PATH}/RealmSwift.framework",
			);
			runOnlyForDeploymentPostprocessing = 0;
			shellPath = /bin/sh;
			shellScript = "\"${SRCROOT}/Pods/Target Support Files/Pods-TaskManager/Pods-TaskManager-frameworks.sh\"\n";
			showEnvVarsInLog = 0;
		};
/* End PBXShellScriptBuildPhase section */

/* Begin PBXSourcesBuildPhase section */
		2D66480721501FE5003D2D0B /* Sources */ = {
			isa = PBXSourcesBuildPhase;
			buildActionMask = 2147483647;
			files = (
				2D664835215025EA003D2D0B /* ContainerVC.swift in Sources */,
				2D66482B215024A1003D2D0B /* User.swift in Sources */,
				2D66483721502605003D2D0B /* AddTask.swift in Sources */,
				2DD2546A2151504F00678508 /* NewUser.swift in Sources */,
				2D66483B21502672003D2D0B /* TaskManager.swift in Sources */,
				2D66483121502573003D2D0B /* MainVC.swift in Sources */,
				2D664833215025CD003D2D0B /* SideMenuVC.swift in Sources */,
				2D66482921502491003D2D0B /* Task.swift in Sources */,
				2D66483D215026B3003D2D0B /* TaskViewCell.swift in Sources */,
				2D66480F21501FE5003D2D0B /* AppDelegate.swift in Sources */,
				2D66482F215024E6003D2D0B /* Tasks.swift in Sources */,
				2D6648392150265C003D2D0B /* UserManager.swift in Sources */,
				2D66482D215024D2003D2D0B /* Login.swift in Sources */,
			);
			runOnlyForDeploymentPostprocessing = 0;
		};
/* End PBXSourcesBuildPhase section */

/* Begin PBXVariantGroup section */
		2D66481221501FE5003D2D0B /* Main.storyboard */ = {
			isa = PBXVariantGroup;
			children = (
				2D66481321501FE5003D2D0B /* Base */,
			);
			name = Main.storyboard;
			sourceTree = "<group>";
		};
		2D66481721501FE6003D2D0B /* LaunchScreen.storyboard */ = {
			isa = PBXVariantGroup;
			children = (
				2D66481821501FE6003D2D0B /* Base */,
			);
			name = LaunchScreen.storyboard;
			sourceTree = "<group>";
		};
/* End PBXVariantGroup section */

/* Begin XCBuildConfiguration section */
		2D66481B21501FE6003D2D0B /* Debug */ = {
			isa = XCBuildConfiguration;
			buildSettings = {
				ALWAYS_SEARCH_USER_PATHS = NO;
				CLANG_ANALYZER_NONNULL = YES;
				CLANG_ANALYZER_NUMBER_OBJECT_CONVERSION = YES_AGGRESSIVE;
				CLANG_CXX_LANGUAGE_STANDARD = "gnu++14";
				CLANG_CXX_LIBRARY = "libc++";
				CLANG_ENABLE_MODULES = YES;
				CLANG_ENABLE_OBJC_ARC = YES;
				CLANG_ENABLE_OBJC_WEAK = YES;
				CLANG_WARN_BLOCK_CAPTURE_AUTORELEASING = YES;
				CLANG_WARN_BOOL_CONVERSION = YES;
				CLANG_WARN_COMMA = YES;
				CLANG_WARN_CONSTANT_CONVERSION = YES;
				CLANG_WARN_DEPRECATED_OBJC_IMPLEMENTATIONS = YES;
				CLANG_WARN_DIRECT_OBJC_ISA_USAGE = YES_ERROR;
				CLANG_WARN_DOCUMENTATION_COMMENTS = YES;
				CLANG_WARN_EMPTY_BODY = YES;
				CLANG_WARN_ENUM_CONVERSION = YES;
				CLANG_WARN_INFINITE_RECURSION = YES;
				CLANG_WARN_INT_CONVERSION = YES;
				CLANG_WARN_NON_LITERAL_NULL_CONVERSION = YES;
				CLANG_WARN_OBJC_IMPLICIT_RETAIN_SELF = YES;
				CLANG_WARN_OBJC_LITERAL_CONVERSION = YES;
				CLANG_WARN_OBJC_ROOT_CLASS = YES_ERROR;
				CLANG_WARN_RANGE_LOOP_ANALYSIS = YES;
				CLANG_WARN_STRICT_PROTOTYPES = YES;
				CLANG_WARN_SUSPICIOUS_MOVE = YES;
				CLANG_WARN_UNGUARDED_AVAILABILITY = YES_AGGRESSIVE;
				CLANG_WARN_UNREACHABLE_CODE = YES;
				CLANG_WARN__DUPLICATE_METHOD_MATCH = YES;
				CODE_SIGN_IDENTITY = "iPhone Developer";
				COPY_PHASE_STRIP = NO;
				DEBUG_INFORMATION_FORMAT = dwarf;
				ENABLE_STRICT_OBJC_MSGSEND = YES;
				ENABLE_TESTABILITY = YES;
				GCC_C_LANGUAGE_STANDARD = gnu11;
				GCC_DYNAMIC_NO_PIC = NO;
				GCC_NO_COMMON_BLOCKS = YES;
				GCC_OPTIMIZATION_LEVEL = 0;
				GCC_PREPROCESSOR_DEFINITIONS = (
					"DEBUG=1",
					"$(inherited)",
				);
				GCC_WARN_64_TO_32_BIT_CONVERSION = YES;
				GCC_WARN_ABOUT_RETURN_TYPE = YES_ERROR;
				GCC_WARN_UNDECLARED_SELECTOR = YES;
				GCC_WARN_UNINITIALIZED_AUTOS = YES_AGGRESSIVE;
				GCC_WARN_UNUSED_FUNCTION = YES;
				GCC_WARN_UNUSED_VARIABLE = YES;
				IPHONEOS_DEPLOYMENT_TARGET = 11.4;
				MTL_ENABLE_DEBUG_INFO = YES;
				ONLY_ACTIVE_ARCH = YES;
				SDKROOT = iphoneos;
				SWIFT_ACTIVE_COMPILATION_CONDITIONS = DEBUG;
				SWIFT_OPTIMIZATION_LEVEL = "-Onone";
			};
			name = Debug;
		};
		2D66481C21501FE6003D2D0B /* Release */ = {
			isa = XCBuildConfiguration;
			buildSettings = {
				ALWAYS_SEARCH_USER_PATHS = NO;
				CLANG_ANALYZER_NONNULL = YES;
				CLANG_ANALYZER_NUMBER_OBJECT_CONVERSION = YES_AGGRESSIVE;
				CLANG_CXX_LANGUAGE_STANDARD = "gnu++14";
				CLANG_CXX_LIBRARY = "libc++";
				CLANG_ENABLE_MODULES = YES;
				CLANG_ENABLE_OBJC_ARC = YES;
				CLANG_ENABLE_OBJC_WEAK = YES;
				CLANG_WARN_BLOCK_CAPTURE_AUTORELEASING = YES;
				CLANG_WARN_BOOL_CONVERSION = YES;
				CLANG_WARN_COMMA = YES;
				CLANG_WARN_CONSTANT_CONVERSION = YES;
				CLANG_WARN_DEPRECATED_OBJC_IMPLEMENTATIONS = YES;
				CLANG_WARN_DIRECT_OBJC_ISA_USAGE = YES_ERROR;
				CLANG_WARN_DOCUMENTATION_COMMENTS = YES;
				CLANG_WARN_EMPTY_BODY = YES;
				CLANG_WARN_ENUM_CONVERSION = YES;
				CLANG_WARN_INFINITE_RECURSION = YES;
				CLANG_WARN_INT_CONVERSION = YES;
				CLANG_WARN_NON_LITERAL_NULL_CONVERSION = YES;
				CLANG_WARN_OBJC_IMPLICIT_RETAIN_SELF = YES;
				CLANG_WARN_OBJC_LITERAL_CONVERSION = YES;
				CLANG_WARN_OBJC_ROOT_CLASS = YES_ERROR;
				CLANG_WARN_RANGE_LOOP_ANALYSIS = YES;
				CLANG_WARN_STRICT_PROTOTYPES = YES;
				CLANG_WARN_SUSPICIOUS_MOVE = YES;
				CLANG_WARN_UNGUARDED_AVAILABILITY = YES_AGGRESSIVE;
				CLANG_WARN_UNREACHABLE_CODE = YES;
				CLANG_WARN__DUPLICATE_METHOD_MATCH = YES;
				CODE_SIGN_IDENTITY = "iPhone Developer";
				COPY_PHASE_STRIP = NO;
				DEBUG_INFORMATION_FORMAT = "dwarf-with-dsym";
				ENABLE_NS_ASSERTIONS = NO;
				ENABLE_STRICT_OBJC_MSGSEND = YES;
				GCC_C_LANGUAGE_STANDARD = gnu11;
				GCC_NO_COMMON_BLOCKS = YES;
				GCC_WARN_64_TO_32_BIT_CONVERSION = YES;
				GCC_WARN_ABOUT_RETURN_TYPE = YES_ERROR;
				GCC_WARN_UNDECLARED_SELECTOR = YES;
				GCC_WARN_UNINITIALIZED_AUTOS = YES_AGGRESSIVE;
				GCC_WARN_UNUSED_FUNCTION = YES;
				GCC_WARN_UNUSED_VARIABLE = YES;
				IPHONEOS_DEPLOYMENT_TARGET = 11.4;
				MTL_ENABLE_DEBUG_INFO = NO;
				SDKROOT = iphoneos;
				SWIFT_COMPILATION_MODE = wholemodule;
				SWIFT_OPTIMIZATION_LEVEL = "-O";
				VALIDATE_PRODUCT = YES;
			};
			name = Release;
		};
		2D66481E21501FE6003D2D0B /* Debug */ = {
			isa = XCBuildConfiguration;
			baseConfigurationReference = 0A4B09B1E2DC2BCCEFC7FB9E /* Pods-TaskManager.debug.xcconfig */;
			buildSettings = {
				ASSETCATALOG_COMPILER_APPICON_NAME = AppIcon;
				CODE_SIGN_STYLE = Automatic;
				INFOPLIST_FILE = TaskManager/Info.plist;
				LD_RUNPATH_SEARCH_PATHS = (
					"$(inherited)",
					"@executable_path/Frameworks",
				);
				PRODUCT_BUNDLE_IDENTIFIER = brown.dakota.TaskManager;
				PRODUCT_NAME = "$(TARGET_NAME)";
				SWIFT_VERSION = 4.2;
				TARGETED_DEVICE_FAMILY = "1,2";
			};
			name = Debug;
		};
		2D66481F21501FE6003D2D0B /* Release */ = {
			isa = XCBuildConfiguration;
			baseConfigurationReference = 05D8F0892370500242DD3429 /* Pods-TaskManager.release.xcconfig */;
			buildSettings = {
				ASSETCATALOG_COMPILER_APPICON_NAME = AppIcon;
				CODE_SIGN_STYLE = Automatic;
				INFOPLIST_FILE = TaskManager/Info.plist;
				LD_RUNPATH_SEARCH_PATHS = (
					"$(inherited)",
					"@executable_path/Frameworks",
				);
				PRODUCT_BUNDLE_IDENTIFIER = brown.dakota.TaskManager;
				PRODUCT_NAME = "$(TARGET_NAME)";
				SWIFT_VERSION = 4.2;
				TARGETED_DEVICE_FAMILY = "1,2";
			};
			name = Release;
		};
/* End XCBuildConfiguration section */

/* Begin XCConfigurationList section */
		2D66480621501FE5003D2D0B /* Build configuration list for PBXProject "TaskManager" */ = {
			isa = XCConfigurationList;
			buildConfigurations = (
				2D66481B21501FE6003D2D0B /* Debug */,
				2D66481C21501FE6003D2D0B /* Release */,
			);
			defaultConfigurationIsVisible = 0;
			defaultConfigurationName = Release;
		};
		2D66481D21501FE6003D2D0B /* Build configuration list for PBXNativeTarget "TaskManager" */ = {
			isa = XCConfigurationList;
			buildConfigurations = (
				2D66481E21501FE6003D2D0B /* Debug */,
				2D66481F21501FE6003D2D0B /* Release */,
			);
			defaultConfigurationIsVisible = 0;
			defaultConfigurationName = Release;
		};
/* End XCConfigurationList section */
	};
	rootObject = 2D66480321501FE5003D2D0B /* Project object */;
}
